
Microsoft Visual Studio Solution File, Format Version 12.00
Project("{FAE04EC0-301F-11D3-BF4B-00C04F79EFBC}") = "BudgetTracker", "BudgetTracker.csproj", "{099A7295-B790-4E88-B2E9-696BAEAA2131}"
EndProject
Global
	GlobalSection(SolutionConfigurationPlatforms) = preSolution
		Debug|Any CPU = Debug|Any CPU
		Release|Any CPU = Release|Any CPU
	EndGlobalSection
	GlobalSection(ProjectConfigurationPlatforms) = postSolution
		{099A7295-B790-4E88-B2E9-696BAEAA2131}.Debug|Any CPU.ActiveCfg = Debug|Any CPU
		{099A7295-B790-4E88-B2E9-696BAEAA2131}.Debug|Any CPU.Build.0 = Debug|Any CPU
		{099A7295-B790-4E88-B2E9-696BAEAA2131}.Release|Any CPU.ActiveCfg = Release|Any CPU
		{099A7295-B790-4E88-B2E9-696BAEAA2131}.Release|Any CPU.Build.0 = Release|Any CPU
	EndGlobalSection
EndGlobal
